
Microsoft Visual Studio Solution File, Format Version 12.00
# Visual Studio Version 17
VisualStudioVersion = 17.8.34511.84
MinimumVisualStudioVersion = 10.0.40219.1
Project("{FAE04EC0-301F-11D3-BF4B-00C04F79EFBC}") = "Rutsoran", "Rutsoran\Rutsoran.csproj", "{EAD01AAE-5912-409B-A449-4FF900575A6B}"
EndProject
Global
	GlobalSection(SolutionConfigurationPlatforms) = preSolution
		Debug|Any CPU = Debug|Any CPU
		Release|Any CPU = Release|Any CPU
	EndGlobalSection
	GlobalSection(ProjectConfigurationPlatforms) = postSolution
		{EAD01AAE-5912-409B-A449-4FF900575A6B}.Debug|Any CPU.ActiveCfg = Debug|Any CPU
		{EAD01AAE-5912-409B-A449-4FF900575A6B}.Debug|Any CPU.Build.0 = Debug|Any CPU
		{EAD01AAE-5912-409B-A449-4FF900575A6B}.Release|Any CPU.ActiveCfg = Release|Any CPU
		{EAD01AAE-5912-409B-A449-4FF900575A6B}.Release|Any CPU.Build.0 = Release|Any CPU
	EndGlobalSection
	GlobalSection(SolutionProperties) = preSolution
		HideSolutionNode = FALSE
	EndGlobalSection
	GlobalSection(ExtensibilityGlobals) = postSolution
		SolutionGuid = {FA337B3D-F9CB-40E3-8932-E5486E8AF730}
	EndGlobalSection
EndGlobal
